
Microsoft Visual Studio Solution File, Format Version 12.00
# Visual Studio Version 17
VisualStudioVersion = 17.11.35312.102
MinimumVisualStudioVersion = 10.0.40219.1
Project("{9A19103F-16F7-4668-BE54-9A1E7A4F7556}") = "ProductList", "ProductList\ProductList.csproj", "{5C03DFFB-CC30-4490-912C-EE045DC8EDDD}"
EndProject
Project("{9A19103F-16F7-4668-BE54-9A1E7A4F7556}") = "ProductList.Data", "ProductList.Data\ProductList.Data.csproj", "{84E2725E-02A9-4CB6-B95E-93761E2D1051}"
EndProject
Global
	GlobalSection(SolutionConfigurationPlatforms) = preSolution
		Debug|Any CPU = Debug|Any CPU
		Release|Any CPU = Release|Any CPU
	EndGlobalSection
	GlobalSection(ProjectConfigurationPlatforms) = postSolution
		{5C03DFFB-CC30-4490-912C-EE045DC8EDDD}.Debug|Any CPU.ActiveCfg = Debug|Any CPU
		{5C03DFFB-CC30-4490-912C-EE045DC8EDDD}.Debug|Any CPU.Build.0 = Debug|Any CPU
		{5C03DFFB-CC30-4490-912C-EE045DC8EDDD}.Release|Any CPU.ActiveCfg = Release|Any CPU
		{5C03DFFB-CC30-4490-912C-EE045DC8EDDD}.Release|Any CPU.Build.0 = Release|Any CPU
		{84E2725E-02A9-4CB6-B95E-93761E2D1051}.Debug|Any CPU.ActiveCfg = Debug|Any CPU
		{84E2725E-02A9-4CB6-B95E-93761E2D1051}.Debug|Any CPU.Build.0 = Debug|Any CPU
		{84E2725E-02A9-4CB6-B95E-93761E2D1051}.Release|Any CPU.ActiveCfg = Release|Any CPU
		{84E2725E-02A9-4CB6-B95E-93761E2D1051}.Release|Any CPU.Build.0 = Release|Any CPU
	EndGlobalSection
	GlobalSection(SolutionProperties) = preSolution
		HideSolutionNode = FALSE
	EndGlobalSection
	GlobalSection(ExtensibilityGlobals) = postSolution
		SolutionGuid = {48EE8498-DA89-4F82-93E0-69BF45F24FC0}
	EndGlobalSection
EndGlobal
